// !$*UTF8*$!
{
	archiveVersion = 1;
	classes = {
	};
	objectVersion = 51;
	objects = {

/* Begin PBXBuildFile section */
		94304991FCDC9F1361F44D36 /* Pods_FlixsterTests.framework in Frameworks */ = {isa = PBXBuildFile; fileRef = 0311E41AA5FD62D5B0078A51 /* Pods_FlixsterTests.framework */; };
		A53D9631158F5A8EAB01A189 /* Pods_Flixster_FlixsterUITests.framework in Frameworks */ = {isa = PBXBuildFile; fileRef = 6307C240A58D5C501F4CB33F /* Pods_Flixster_FlixsterUITests.framework */; };
		AC6BBA97251B05380008FCBE /* AppDelegate.swift in Sources */ = {isa = PBXBuildFile; fileRef = AC6BBA96251B05380008FCBE /* AppDelegate.swift */; };
		AC6BBA99251B05380008FCBE /* SceneDelegate.swift in Sources */ = {isa = PBXBuildFile; fileRef = AC6BBA98251B05380008FCBE /* SceneDelegate.swift */; };
		AC6BBA9E251B05380008FCBE /* Main.storyboard in Resources */ = {isa = PBXBuildFile; fileRef = AC6BBA9C251B05380008FCBE /* Main.storyboard */; };
		AC6BBAA0251B053D0008FCBE /* Assets.xcassets in Resources */ = {isa = PBXBuildFile; fileRef = AC6BBA9F251B053D0008FCBE /* Assets.xcassets */; };
		AC6BBAA3251B053D0008FCBE /* LaunchScreen.storyboard in Resources */ = {isa = PBXBuildFile; fileRef = AC6BBAA1251B053D0008FCBE /* LaunchScreen.storyboard */; };
		AC6BBAAE251B053D0008FCBE /* FlixsterTests.swift in Sources */ = {isa = PBXBuildFile; fileRef = AC6BBAAD251B053D0008FCBE /* FlixsterTests.swift */; };
		AC6BBAB9251B053D0008FCBE /* FlixsterUITests.swift in Sources */ = {isa = PBXBuildFile; fileRef = AC6BBAB8251B053D0008FCBE /* FlixsterUITests.swift */; };
		AC6BBACA251B05FA0008FCBE /* MovieViewController.swift in Sources */ = {isa = PBXBuildFile; fileRef = AC6BBAC9251B05FA0008FCBE /* MovieViewController.swift */; };
		AC6BBAE5251C0DC20008FCBE /* MovieCell.swift in Sources */ = {isa = PBXBuildFile; fileRef = AC6BBAE4251C0DC20008FCBE /* MovieCell.swift */; };
		AC993F6D25257A3800604D5C /* MovieDetailsViewController.swift in Sources */ = {isa = PBXBuildFile; fileRef = AC993F6C25257A3800604D5C /* MovieDetailsViewController.swift */; };
		BB62AD85BAB91A4EC442053F /* Pods_Flixster.framework in Frameworks */ = {isa = PBXBuildFile; fileRef = 88BB64DA3725565D990271CC /* Pods_Flixster.framework */; };
/* End PBXBuildFile section */

/* Begin PBXContainerItemProxy section */
		AC6BBAAA251B053D0008FCBE /* PBXContainerItemProxy */ = {
			isa = PBXContainerItemProxy;
			containerPortal = AC6BBA8B251B05380008FCBE /* Project object */;
			proxyType = 1;
			remoteGlobalIDString = AC6BBA92251B05380008FCBE;
			remoteInfo = Flixster;
		};
		AC6BBAB5251B053D0008FCBE /* PBXContainerItemProxy */ = {
			isa = PBXContainerItemProxy;
			containerPortal = AC6BBA8B251B05380008FCBE /* Project object */;
			proxyType = 1;
			remoteGlobalIDString = AC6BBA92251B05380008FCBE;
			remoteInfo = Flixster;
		};
/* End PBXContainerItemProxy section */

/* Begin PBXFileReference section */
		0311E41AA5FD62D5B0078A51 /* Pods_FlixsterTests.framework */ = {isa = PBXFileReference; explicitFileType = wrapper.framework; includeInIndex = 0; path = Pods_FlixsterTests.framework; sourceTree = BUILT_PRODUCTS_DIR; };
		1C77EE16E9D8057441AC7071 /* Pods-Flixster-FlixsterUITests.debug.xcconfig */ = {isa = PBXFileReference; includeInIndex = 1; lastKnownFileType = text.xcconfig; name = "Pods-Flixster-FlixsterUITests.debug.xcconfig"; path = "Target Support Files/Pods-Flixster-FlixsterUITests/Pods-Flixster-FlixsterUITests.debug.xcconfig"; sourceTree = "<group>"; };
		20A9C8F47FF2C07BD6359D0C /* Pods-Flixster-FlixsterUITests.release.xcconfig */ = {isa = PBXFileReference; includeInIndex = 1; lastKnownFileType = text.xcconfig; name = "Pods-Flixster-FlixsterUITests.release.xcconfig"; path = "Target Support Files/Pods-Flixster-FlixsterUITests/Pods-Flixster-FlixsterUITests.release.xcconfig"; sourceTree = "<group>"; };
		604E1DCBDB3B99E16FA50FD1 /* Pods-Flixster.release.xcconfig */ = {isa = PBXFileReference; includeInIndex = 1; lastKnownFileType = text.xcconfig; name = "Pods-Flixster.release.xcconfig"; path = "Target Support Files/Pods-Flixster/Pods-Flixster.release.xcconfig"; sourceTree = "<group>"; };
		6307C240A58D5C501F4CB33F /* Pods_Flixster_FlixsterUITests.framework */ = {isa = PBXFileReference; explicitFileType = wrapper.framework; includeInIndex = 0; path = Pods_Flixster_FlixsterUITests.framework; sourceTree = BUILT_PRODUCTS_DIR; };
		88BB64DA3725565D990271CC /* Pods_Flixster.framework */ = {isa = PBXFileReference; explicitFileType = wrapper.framework; includeInIndex = 0; path = Pods_Flixster.framework; sourceTree = BUILT_PRODUCTS_DIR; };
		AC6BBA93251B05380008FCBE /* Flixster.app */ = {isa = PBXFileReference; explicitFileType = wrapper.application; includeInIndex = 0; path = Flixster.app; sourceTree = BUILT_PRODUCTS_DIR; };
		AC6BBA96251B05380008FCBE /* AppDelegate.swift */ = {isa = PBXFileReference; lastKnownFileType = sourcecode.swift; path = AppDelegate.swift; sourceTree = "<group>"; };
		AC6BBA98251B05380008FCBE /* SceneDelegate.swift */ = {isa = PBXFileReference; lastKnownFileType = sourcecode.swift; path = SceneDelegate.swift; sourceTree = "<group>"; };
		AC6BBA9D251B05380008FCBE /* Base */ = {isa = PBXFileReference; lastKnownFileType = file.storyboard; name = Base; path = Base.lproj/Main.storyboard; sourceTree = "<group>"; };
		AC6BBA9F251B053D0008FCBE /* Assets.xcassets */ = {isa = PBXFileReference; lastKnownFileType = folder.assetcatalog; path = Assets.xcassets; sourceTree = "<group>"; };
		AC6BBAA2251B053D0008FCBE /* Base */ = {isa = PBXFileReference; lastKnownFileType = file.storyboard; name = Base; path = Base.lproj/LaunchScreen.storyboard; sourceTree = "<group>"; };
		AC6BBAA4251B053D0008FCBE /* Info.plist */ = {isa = PBXFileReference; lastKnownFileType = text.plist.xml; path = Info.plist; sourceTree = "<group>"; };
		AC6BBAA9251B053D0008FCBE /* FlixsterTests.xctest */ = {isa = PBXFileReference; explicitFileType = wrapper.cfbundle; includeInIndex = 0; path = FlixsterTests.xctest; sourceTree = BUILT_PRODUCTS_DIR; };
		AC6BBAAD251B053D0008FCBE /* FlixsterTests.swift */ = {isa = PBXFileReference; lastKnownFileType = sourcecode.swift; path = FlixsterTests.swift; sourceTree = "<group>"; };
		AC6BBAAF251B053D0008FCBE /* Info.plist */ = {isa = PBXFileReference; lastKnownFileType = text.plist.xml; path = Info.plist; sourceTree = "<group>"; };
		AC6BBAB4251B053D0008FCBE /* FlixsterUITests.xctest */ = {isa = PBXFileReference; explicitFileType = wrapper.cfbundle; includeInIndex = 0; path = FlixsterUITests.xctest; sourceTree = BUILT_PRODUCTS_DIR; };
		AC6BBAB8251B053D0008FCBE /* FlixsterUITests.swift */ = {isa = PBXFileReference; lastKnownFileType = sourcecode.swift; path = FlixsterUITests.swift; sourceTree = "<group>"; };
		AC6BBABA251B053D0008FCBE /* Info.plist */ = {isa = PBXFileReference; lastKnownFileType = text.plist.xml; path = Info.plist; sourceTree = "<group>"; };
		AC6BBAC9251B05FA0008FCBE /* MovieViewController.swift */ = {isa = PBXFileReference; lastKnownFileType = sourcecode.swift; path = MovieViewController.swift; sourceTree = "<group>"; };
		AC6BBAE4251C0DC20008FCBE /* MovieCell.swift */ = {isa = PBXFileReference; lastKnownFileType = sourcecode.swift; path = MovieCell.swift; sourceTree = "<group>"; };
		AC993F6C25257A3800604D5C /* MovieDetailsViewController.swift */ = {isa = PBXFileReference; lastKnownFileType = sourcecode.swift; path = MovieDetailsViewController.swift; sourceTree = "<group>"; };
		BC3DA18261018261B5532BCB /* Pods-FlixsterTests.release.xcconfig */ = {isa = PBXFileReference; includeInIndex = 1; lastKnownFileType = text.xcconfig; name = "Pods-FlixsterTests.release.xcconfig"; path = "Target Support Files/Pods-FlixsterTests/Pods-FlixsterTests.release.xcconfig"; sourceTree = "<group>"; };
		D5E281ACAB8ABA612A7393B7 /* Pods-FlixsterTests.debug.xcconfig */ = {isa = PBXFileReference; includeInIndex = 1; lastKnownFileType = text.xcconfig; name = "Pods-FlixsterTests.debug.xcconfig"; path = "Target Support Files/Pods-FlixsterTests/Pods-FlixsterTests.debug.xcconfig"; sourceTree = "<group>"; };
		E9667EA9F0B9C1456D15FF69 /* Pods-Flixster.debug.xcconfig */ = {isa = PBXFileReference; includeInIndex = 1; lastKnownFileType = text.xcconfig; name = "Pods-Flixster.debug.xcconfig"; path = "Target Support Files/Pods-Flixster/Pods-Flixster.debug.xcconfig"; sourceTree = "<group>"; };
/* End PBXFileReference section */

/* Begin PBXFrameworksBuildPhase section */
		AC6BBA90251B05380008FCBE /* Frameworks */ = {
			isa = PBXFrameworksBuildPhase;
			buildActionMask = 2147483647;
			files = (
				BB62AD85BAB91A4EC442053F /* Pods_Flixster.framework in Frameworks */,
			);
			runOnlyForDeploymentPostprocessing = 0;
		};
		AC6BBAA6251B053D0008FCBE /* Frameworks */ = {
			isa = PBXFrameworksBuildPhase;
			buildActionMask = 2147483647;
			files = (
				94304991FCDC9F1361F44D36 /* Pods_FlixsterTests.framework in Frameworks */,
			);
			runOnlyForDeploymentPostprocessing = 0;
		};
		AC6BBAB1251B053D0008FCBE /* Frameworks */ = {
			isa = PBXFrameworksBuildPhase;
			buildActionMask = 2147483647;
			files = (
				A53D9631158F5A8EAB01A189 /* Pods_Flixster_FlixsterUITests.framework in Frameworks */,
			);
			runOnlyForDeploymentPostprocessing = 0;
		};
/* End PBXFrameworksBuildPhase section */

/* Begin PBXGroup section */
		035CECF5BE64EC883D32A684 /* Pods */ = {
			isa = PBXGroup;
			children = (
				E9667EA9F0B9C1456D15FF69 /* Pods-Flixster.debug.xcconfig */,
				604E1DCBDB3B99E16FA50FD1 /* Pods-Flixster.release.xcconfig */,
				1C77EE16E9D8057441AC7071 /* Pods-Flixster-FlixsterUITests.debug.xcconfig */,
				20A9C8F47FF2C07BD6359D0C /* Pods-Flixster-FlixsterUITests.release.xcconfig */,
				D5E281ACAB8ABA612A7393B7 /* Pods-FlixsterTests.debug.xcconfig */,
				BC3DA18261018261B5532BCB /* Pods-FlixsterTests.release.xcconfig */,
			);
			path = Pods;
			sourceTree = "<group>";
		};
		04490602F00D2EAA1F8FA2A0 /* Frameworks */ = {
			isa = PBXGroup;
			children = (
				88BB64DA3725565D990271CC /* Pods_Flixster.framework */,
				6307C240A58D5C501F4CB33F /* Pods_Flixster_FlixsterUITests.framework */,
				0311E41AA5FD62D5B0078A51 /* Pods_FlixsterTests.framework */,
			);
			name = Frameworks;
			sourceTree = "<group>";
		};
		AC6BBA8A251B05380008FCBE = {
			isa = PBXGroup;
			children = (
				AC6BBA95251B05380008FCBE /* Flixster */,
				AC6BBAAC251B053D0008FCBE /* FlixsterTests */,
				AC6BBAB7251B053D0008FCBE /* FlixsterUITests */,
				AC6BBA94251B05380008FCBE /* Products */,
				035CECF5BE64EC883D32A684 /* Pods */,
				04490602F00D2EAA1F8FA2A0 /* Frameworks */,
			);
			sourceTree = "<group>";
		};
		AC6BBA94251B05380008FCBE /* Products */ = {
			isa = PBXGroup;
			children = (
				AC6BBA93251B05380008FCBE /* Flixster.app */,
				AC6BBAA9251B053D0008FCBE /* FlixsterTests.xctest */,
				AC6BBAB4251B053D0008FCBE /* FlixsterUITests.xctest */,
			);
			name = Products;
			sourceTree = "<group>";
		};
		AC6BBA95251B05380008FCBE /* Flixster */ = {
			isa = PBXGroup;
			children = (
				AC6BBA96251B05380008FCBE /* AppDelegate.swift */,
				AC6BBA98251B05380008FCBE /* SceneDelegate.swift */,
				AC6BBA9C251B05380008FCBE /* Main.storyboard */,
				AC6BBA9F251B053D0008FCBE /* Assets.xcassets */,
				AC6BBAA1251B053D0008FCBE /* LaunchScreen.storyboard */,
				AC6BBAA4251B053D0008FCBE /* Info.plist */,
				AC6BBAC9251B05FA0008FCBE /* MovieViewController.swift */,
				AC6BBAE4251C0DC20008FCBE /* MovieCell.swift */,
				AC993F6C25257A3800604D5C /* MovieDetailsViewController.swift */,
			);
			path = Flixster;
			sourceTree = "<group>";
		};
		AC6BBAAC251B053D0008FCBE /* FlixsterTests */ = {
			isa = PBXGroup;
			children = (
				AC6BBAAD251B053D0008FCBE /* FlixsterTests.swift */,
				AC6BBAAF251B053D0008FCBE /* Info.plist */,
			);
			path = FlixsterTests;
			sourceTree = "<group>";
		};
		AC6BBAB7251B053D0008FCBE /* FlixsterUITests */ = {
			isa = PBXGroup;
			children = (
				AC6BBAB8251B053D0008FCBE /* FlixsterUITests.swift */,
				AC6BBABA251B053D0008FCBE /* Info.plist */,
			);
			path = FlixsterUITests;
			sourceTree = "<group>";
		};
/* End PBXGroup section */

/* Begin PBXNativeTarget section */
		AC6BBA92251B05380008FCBE /* Flixster */ = {
			isa = PBXNativeTarget;
			buildConfigurationList = AC6BBABD251B053D0008FCBE /* Build configuration list for PBXNativeTarget "Flixster" */;
			buildPhases = (
				F396F6597E5B59FC5205B9EE /* [CP] Check Pods Manifest.lock */,
				AC6BBA8F251B05380008FCBE /* Sources */,
				AC6BBA90251B05380008FCBE /* Frameworks */,
				AC6BBA91251B05380008FCBE /* Resources */,
				03E457CD975C107C6BBE2203 /* [CP] Embed Pods Frameworks */,
			);
			buildRules = (
			);
			dependencies = (
			);
			name = Flixster;
			productName = Flixster;
			productReference = AC6BBA93251B05380008FCBE /* Flixster.app */;
			productType = "com.apple.product-type.application";
		};
		AC6BBAA8251B053D0008FCBE /* FlixsterTests */ = {
			isa = PBXNativeTarget;
			buildConfigurationList = AC6BBAC0251B053D0008FCBE /* Build configuration list for PBXNativeTarget "FlixsterTests" */;
			buildPhases = (
				5D4AE6A22BC6842E81E2C7BC /* [CP] Check Pods Manifest.lock */,
				AC6BBAA5251B053D0008FCBE /* Sources */,
				AC6BBAA6251B053D0008FCBE /* Frameworks */,
				AC6BBAA7251B053D0008FCBE /* Resources */,
			);
			buildRules = (
			);
			dependencies = (
				AC6BBAAB251B053D0008FCBE /* PBXTargetDependency */,
			);
			name = FlixsterTests;
			productName = FlixsterTests;
			productReference = AC6BBAA9251B053D0008FCBE /* FlixsterTests.xctest */;
			productType = "com.apple.product-type.bundle.unit-test";
		};
		AC6BBAB3251B053D0008FCBE /* FlixsterUITests */ = {
			isa = PBXNativeTarget;
			buildConfigurationList = AC6BBAC3251B053D0008FCBE /* Build configuration list for PBXNativeTarget "FlixsterUITests" */;
			buildPhases = (
				93A8748A590A327083880CA3 /* [CP] Check Pods Manifest.lock */,
				AC6BBAB0251B053D0008FCBE /* Sources */,
				AC6BBAB1251B053D0008FCBE /* Frameworks */,
				AC6BBAB2251B053D0008FCBE /* Resources */,
				50B70E6CC568F9226AA48008 /* [CP] Embed Pods Frameworks */,
			);
			buildRules = (
			);
			dependencies = (
				AC6BBAB6251B053D0008FCBE /* PBXTargetDependency */,
			);
			name = FlixsterUITests;
			productName = FlixsterUITests;
			productReference = AC6BBAB4251B053D0008FCBE /* FlixsterUITests.xctest */;
			productType = "com.apple.product-type.bundle.ui-testing";
		};
/* End PBXNativeTarget section */

/* Begin PBXProject section */
		AC6BBA8B251B05380008FCBE /* Project object */ = {
			isa = PBXProject;
			attributes = {
				LastSwiftUpdateCheck = 1200;
				LastUpgradeCheck = 1200;
				TargetAttributes = {
					AC6BBA92251B05380008FCBE = {
						CreatedOnToolsVersion = 12.0;
					};
					AC6BBAA8251B053D0008FCBE = {
						CreatedOnToolsVersion = 12.0;
						TestTargetID = AC6BBA92251B05380008FCBE;
					};
					AC6BBAB3251B053D0008FCBE = {
						CreatedOnToolsVersion = 12.0;
						TestTargetID = AC6BBA92251B05380008FCBE;
					};
				};
			};
			buildConfigurationList = AC6BBA8E251B05380008FCBE /* Build configuration list for PBXProject "Flixster" */;
			compatibilityVersion = "Xcode 9.3";
			developmentRegion = en;
			hasScannedForEncodings = 0;
			knownRegions = (
				en,
				Base,
			);
			mainGroup = AC6BBA8A251B05380008FCBE;
			productRefGroup = AC6BBA94251B05380008FCBE /* Products */;
			projectDirPath = "";
			projectRoot = "";
			targets = (
				AC6BBA92251B05380008FCBE /* Flixster */,
				AC6BBAA8251B053D0008FCBE /* FlixsterTests */,
				AC6BBAB3251B053D0008FCBE /* FlixsterUITests */,
			);
		};
/* End PBXProject section */

/* Begin PBXResourcesBuildPhase section */
		AC6BBA91251B05380008FCBE /* Resources */ = {
			isa = PBXResourcesBuildPhase;
			buildActionMask = 2147483647;
			files = (
				AC6BBAA3251B053D0008FCBE /* LaunchScreen.storyboard in Resources */,
				AC6BBAA0251B053D0008FCBE /* Assets.xcassets in Resources */,
				AC6BBA9E251B05380008FCBE /* Main.storyboard in Resources */,
			);
			runOnlyForDeploymentPostprocessing = 0;
		};
		AC6BBAA7251B053D0008FCBE /* Resources */ = {
			isa = PBXResourcesBuildPhase;
			buildActionMask = 2147483647;
			files = (
			);
			runOnlyForDeploymentPostprocessing = 0;
		};
		AC6BBAB2251B053D0008FCBE /* Resources */ = {
			isa = PBXResourcesBuildPhase;
			buildActionMask = 2147483647;
			files = (
			);
			runOnlyForDeploymentPostprocessing = 0;
		};
/* End PBXResourcesBuildPhase section */

/* Begin PBXShellScriptBuildPhase section */
		03E457CD975C107C6BBE2203 /* [CP] Embed Pods Frameworks */ = {
			isa = PBXShellScriptBuildPhase;
			buildActionMask = 2147483647;
			files = (
			);
			inputFileListPaths = (
				"${PODS_ROOT}/Target Support Files/Pods-Flixster/Pods-Flixster-frameworks-${CONFIGURATION}-input-files.xcfilelist",
			);
			name = "[CP] Embed Pods Frameworks";
			outputFileListPaths = (
				"${PODS_ROOT}/Target Support Files/Pods-Flixster/Pods-Flixster-frameworks-${CONFIGURATION}-output-files.xcfilelist",
			);
			runOnlyForDeploymentPostprocessing = 0;
			shellPath = /bin/sh;
			shellScript = "\"${PODS_ROOT}/Target Support Files/Pods-Flixster/Pods-Flixster-frameworks.sh\"\n";
			showEnvVarsInLog = 0;
		};
		50B70E6CC568F9226AA48008 /* [CP] Embed Pods Frameworks */ = {
			isa = PBXShellScriptBuildPhase;
			buildActionMask = 2147483647;
			files = (
			);
			inputFileListPaths = (
				"${PODS_ROOT}/Target Support Files/Pods-Flixster-FlixsterUITests/Pods-Flixster-FlixsterUITests-frameworks-${CONFIGURATION}-input-files.xcfilelist",
			);
			name = "[CP] Embed Pods Frameworks";
			outputFileListPaths = (
				"${PODS_ROOT}/Target Support Files/Pods-Flixster-FlixsterUITests/Pods-Flixster-FlixsterUITests-frameworks-${CONFIGURATION}-output-files.xcfilelist",
			);
			runOnlyForDeploymentPostprocessing = 0;
			shellPath = /bin/sh;
			shellScript = "\"${PODS_ROOT}/Target Support Files/Pods-Flixster-FlixsterUITests/Pods-Flixster-FlixsterUITests-frameworks.sh\"\n";
			showEnvVarsInLog = 0;
		};
		5D4AE6A22BC6842E81E2C7BC /* [CP] Check Pods Manifest.lock */ = {
			isa = PBXShellScriptBuildPhase;
			buildActionMask = 2147483647;
			files = (
			);
			inputFileListPaths = (
			);
			inputPaths = (
				"${PODS_PODFILE_DIR_PATH}/Podfile.lock",
				"${PODS_ROOT}/Manifest.lock",
			);
			name = "[CP] Check Pods Manifest.lock";
			outputFileListPaths = (
			);
			outputPaths = (
				"$(DERIVED_FILE_DIR)/Pods-FlixsterTests-checkManifestLockResult.txt",
			);
			runOnlyForDeploymentPostprocessing = 0;
			shellPath = /bin/sh;
			shellScript = "diff \"${PODS_PODFILE_DIR_PATH}/Podfile.lock\" \"${PODS_ROOT}/Manifest.lock\" > /dev/null\nif [ $? != 0 ] ; then\n    # print error to STDERR\n    echo \"error: The sandbox is not in sync with the Podfile.lock. Run 'pod install' or update your CocoaPods installation.\" >&2\n    exit 1\nfi\n# This output is used by Xcode 'outputs' to avoid re-running this script phase.\necho \"SUCCESS\" > \"${SCRIPT_OUTPUT_FILE_0}\"\n";
			showEnvVarsInLog = 0;
		};
		93A8748A590A327083880CA3 /* [CP] Check Pods Manifest.lock */ = {
			isa = PBXShellScriptBuildPhase;
			buildActionMask = 2147483647;
			files = (
			);
			inputFileListPaths = (
			);
			inputPaths = (
				"${PODS_PODFILE_DIR_PATH}/Podfile.lock",
				"${PODS_ROOT}/Manifest.lock",
			);
			name = "[CP] Check Pods Manifest.lock";
			outputFileListPaths = (
			);
			outputPaths = (
				"$(DERIVED_FILE_DIR)/Pods-Flixster-FlixsterUITests-checkManifestLockResult.txt",
			);
			runOnlyForDeploymentPostprocessing = 0;
			shellPath = /bin/sh;
			shellScript = "diff \"${PODS_PODFILE_DIR_PATH}/Podfile.lock\" \"${PODS_ROOT}/Manifest.lock\" > /dev/null\nif [ $? != 0 ] ; then\n    # print error to STDERR\n    echo \"error: The sandbox is not in sync with the Podfile.lock. Run 'pod install' or update your CocoaPods installation.\" >&2\n    exit 1\nfi\n# This output is used by Xcode 'outputs' to avoid re-running this script phase.\necho \"SUCCESS\" > \"${SCRIPT_OUTPUT_FILE_0}\"\n";
			showEnvVarsInLog = 0;
		};
		F396F6597E5B59FC5205B9EE /* [CP] Check Pods Manifest.lock */ = {
			isa = PBXShellScriptBuildPhase;
			buildActionMask = 2147483647;
			files = (
			);
			inputFileListPaths = (
			);
			inputPaths = (
				"${PODS_PODFILE_DIR_PATH}/Podfile.lock",
				"${PODS_ROOT}/Manifest.lock",
			);
			name = "[CP] Check Pods Manifest.lock";
			outputFileListPaths = (
			);
			outputPaths = (
				"$(DERIVED_FILE_DIR)/Pods-Flixster-checkManifestLockResult.txt",
			);
			runOnlyForDeploymentPostprocessing = 0;
			shellPath = /bin/sh;
			shellScript = "diff \"${PODS_PODFILE_DIR_PATH}/Podfile.lock\" \"${PODS_ROOT}/Manifest.lock\" > /dev/null\nif [ $? != 0 ] ; then\n    # print error to STDERR\n    echo \"error: The sandbox is not in sync with the Podfile.lock. Run 'pod install' or update your CocoaPods installation.\" >&2\n    exit 1\nfi\n# This output is used by Xcode 'outputs' to avoid re-running this script phase.\necho \"SUCCESS\" > \"${SCRIPT_OUTPUT_FILE_0}\"\n";
			showEnvVarsInLog = 0;
		};
/* End PBXShellScriptBuildPhase section */

/* Begin PBXSourcesBuildPhase section */
		AC6BBA8F251B05380008FCBE /* Sources */ = {
			isa = PBXSourcesBuildPhase;
			buildActionMask = 2147483647;
			files = (
				AC993F6D25257A3800604D5C /* MovieDetailsViewController.swift in Sources */,
				AC6BBA97251B05380008FCBE /* AppDelegate.swift in Sources */,
				AC6BBA99251B05380008FCBE /* SceneDelegate.swift in Sources */,
				AC6BBAE5251C0DC20008FCBE /* MovieCell.swift in Sources */,
				AC6BBACA251B05FA0008FCBE /* MovieViewController.swift in Sources */,
			);
			runOnlyForDeploymentPostprocessing = 0;
		};
		AC6BBAA5251B053D0008FCBE /* Sources */ = {
			isa = PBXSourcesBuildPhase;
			buildActionMask = 2147483647;
			files = (
				AC6BBAAE251B053D0008FCBE /* FlixsterTests.swift in Sources */,
			);
			runOnlyForDeploymentPostprocessing = 0;
		};
		AC6BBAB0251B053D0008FCBE /* Sources */ = {
			isa = PBXSourcesBuildPhase;
			buildActionMask = 2147483647;
			files = (
				AC6BBAB9251B053D0008FCBE /* FlixsterUITests.swift in Sources */,
			);
			runOnlyForDeploymentPostprocessing = 0;
		};
/* End PBXSourcesBuildPhase section */

/* Begin PBXTargetDependency section */
		AC6BBAAB251B053D0008FCBE /* PBXTargetDependency */ = {
			isa = PBXTargetDependency;
			target = AC6BBA92251B05380008FCBE /* Flixster */;
			targetProxy = AC6BBAAA251B053D0008FCBE /* PBXContainerItemProxy */;
		};
		AC6BBAB6251B053D0008FCBE /* PBXTargetDependency */ = {
			isa = PBXTargetDependency;
			target = AC6BBA92251B05380008FCBE /* Flixster */;
			targetProxy = AC6BBAB5251B053D0008FCBE /* PBXContainerItemProxy */;
		};
/* End PBXTargetDependency section */

/* Begin PBXVariantGroup section */
		AC6BBA9C251B05380008FCBE /* Main.storyboard */ = {
			isa = PBXVariantGroup;
			children = (
				AC6BBA9D251B05380008FCBE /* Base */,
			);
			name = Main.storyboard;
			sourceTree = "<group>";
		};
		AC6BBAA1251B053D0008FCBE /* LaunchScreen.storyboard */ = {
			isa = PBXVariantGroup;
			children = (
				AC6BBAA2251B053D0008FCBE /* Base */,
			);
			name = LaunchScreen.storyboard;
			sourceTree = "<group>";
		};
/* End PBXVariantGroup section */

/* Begin XCBuildConfiguration section */
		AC6BBABB251B053D0008FCBE /* Debug */ = {
			isa = XCBuildConfiguration;
			buildSettings = {
				ALWAYS_SEARCH_USER_PATHS = NO;
				CLANG_ANALYZER_NONNULL = YES;
				CLANG_ANALYZER_NUMBER_OBJECT_CONVERSION = YES_AGGRESSIVE;
				CLANG_CXX_LANGUAGE_STANDARD = "gnu++14";
				CLANG_CXX_LIBRARY = "libc++";
				CLANG_ENABLE_MODULES = YES;
				CLANG_ENABLE_OBJC_ARC = YES;
				CLANG_ENABLE_OBJC_WEAK = YES;
				CLANG_WARN_BLOCK_CAPTURE_AUTORELEASING = YES;
				CLANG_WARN_BOOL_CONVERSION = YES;
				CLANG_WARN_COMMA = YES;
				CLANG_WARN_CONSTANT_CONVERSION = YES;
				CLANG_WARN_DEPRECATED_OBJC_IMPLEMENTATIONS = YES;
				CLANG_WARN_DIRECT_OBJC_ISA_USAGE = YES_ERROR;
				CLANG_WARN_DOCUMENTATION_COMMENTS = YES;
				CLANG_WARN_EMPTY_BODY = YES;
				CLANG_WARN_ENUM_CONVERSION = YES;
				CLANG_WARN_INFINITE_RECURSION = YES;
				CLANG_WARN_INT_CONVERSION = YES;
				CLANG_WARN_NON_LITERAL_NULL_CONVERSION = YES;
				CLANG_WARN_OBJC_IMPLICIT_RETAIN_SELF = YES;
				CLANG_WARN_OBJC_LITERAL_CONVERSION = YES;
				CLANG_WARN_OBJC_ROOT_CLASS = YES_ERROR;
				CLANG_WARN_QUOTED_INCLUDE_IN_FRAMEWORK_HEADER = YES;
				CLANG_WARN_RANGE_LOOP_ANALYSIS = YES;
				CLANG_WARN_STRICT_PROTOTYPES = YES;
				CLANG_WARN_SUSPICIOUS_MOVE = YES;
				CLANG_WARN_UNGUARDED_AVAILABILITY = YES_AGGRESSIVE;
				CLANG_WARN_UNREACHABLE_CODE = YES;
				CLANG_WARN__DUPLICATE_METHOD_MATCH = YES;
				COPY_PHASE_STRIP = NO;
				DEBUG_INFORMATION_FORMAT = dwarf;
				ENABLE_STRICT_OBJC_MSGSEND = YES;
				ENABLE_TESTABILITY = YES;
				GCC_C_LANGUAGE_STANDARD = gnu11;
				GCC_DYNAMIC_NO_PIC = NO;
				GCC_NO_COMMON_BLOCKS = YES;
				GCC_OPTIMIZATION_LEVEL = 0;
				GCC_PREPROCESSOR_DEFINITIONS = (
					"DEBUG=1",
					"$(inherited)",
				);
				GCC_WARN_64_TO_32_BIT_CONVERSION = YES;
				GCC_WARN_ABOUT_RETURN_TYPE = YES_ERROR;
				GCC_WARN_UNDECLARED_SELECTOR = YES;
				GCC_WARN_UNINITIALIZED_AUTOS = YES_AGGRESSIVE;
				GCC_WARN_UNUSED_FUNCTION = YES;
				GCC_WARN_UNUSED_VARIABLE = YES;
				IPHONEOS_DEPLOYMENT_TARGET = 14.0;
				MTL_ENABLE_DEBUG_INFO = INCLUDE_SOURCE;
				MTL_FAST_MATH = YES;
				ONLY_ACTIVE_ARCH = YES;
				SDKROOT = iphoneos;
				SWIFT_ACTIVE_COMPILATION_CONDITIONS = DEBUG;
				SWIFT_OPTIMIZATION_LEVEL = "-Onone";
			};
			name = Debug;
		};
		AC6BBABC251B053D0008FCBE /* Release */ = {
			isa = XCBuildConfiguration;
			buildSettings = {
				ALWAYS_SEARCH_USER_PATHS = NO;
				CLANG_ANALYZER_NONNULL = YES;
				CLANG_ANALYZER_NUMBER_OBJECT_CONVERSION = YES_AGGRESSIVE;
				CLANG_CXX_LANGUAGE_STANDARD = "gnu++14";
				CLANG_CXX_LIBRARY = "libc++";
				CLANG_ENABLE_MODULES = YES;
				CLANG_ENABLE_OBJC_ARC = YES;
				CLANG_ENABLE_OBJC_WEAK = YES;
				CLANG_WARN_BLOCK_CAPTURE_AUTORELEASING = YES;
				CLANG_WARN_BOOL_CONVERSION = YES;
				CLANG_WARN_COMMA = YES;
				CLANG_WARN_CONSTANT_CONVERSION = YES;
				CLANG_WARN_DEPRECATED_OBJC_IMPLEMENTATIONS = YES;
				CLANG_WARN_DIRECT_OBJC_ISA_USAGE = YES_ERROR;
				CLANG_WARN_DOCUMENTATION_COMMENTS = YES;
				CLANG_WARN_EMPTY_BODY = YES;
				CLANG_WARN_ENUM_CONVERSION = YES;
				CLANG_WARN_INFINITE_RECURSION = YES;
				CLANG_WARN_INT_CONVERSION = YES;
				CLANG_WARN_NON_LITERAL_NULL_CONVERSION = YES;
				CLANG_WARN_OBJC_IMPLICIT_RETAIN_SELF = YES;
				CLANG_WARN_OBJC_LITERAL_CONVERSION = YES;
				CLANG_WARN_OBJC_ROOT_CLASS = YES_ERROR;
				CLANG_WARN_QUOTED_INCLUDE_IN_FRAMEWORK_HEADER = YES;
				CLANG_WARN_RANGE_LOOP_ANALYSIS = YES;
				CLANG_WARN_STRICT_PROTOTYPES = YES;
				CLANG_WARN_SUSPICIOUS_MOVE = YES;
				CLANG_WARN_UNGUARDED_AVAILABILITY = YES_AGGRESSIVE;
				CLANG_WARN_UNREACHABLE_CODE = YES;
				CLANG_WARN__DUPLICATE_METHOD_MATCH = YES;
				COPY_PHASE_STRIP = NO;
				DEBUG_INFORMATION_FORMAT = "dwarf-with-dsym";
				ENABLE_NS_ASSERTIONS = NO;
				ENABLE_STRICT_OBJC_MSGSEND = YES;
				GCC_C_LANGUAGE_STANDARD = gnu11;
				GCC_NO_COMMON_BLOCKS = YES;
				GCC_WARN_64_TO_32_BIT_CONVERSION = YES;
				GCC_WARN_ABOUT_RETURN_TYPE = YES_ERROR;
				GCC_WARN_UNDECLARED_SELECTOR = YES;
				GCC_WARN_UNINITIALIZED_AUTOS = YES_AGGRESSIVE;
				GCC_WARN_UNUSED_FUNCTION = YES;
				GCC_WARN_UNUSED_VARIABLE = YES;
				IPHONEOS_DEPLOYMENT_TARGET = 14.0;
				MTL_ENABLE_DEBUG_INFO = NO;
				MTL_FAST_MATH = YES;
				SDKROOT = iphoneos;
				SWIFT_COMPILATION_MODE = wholemodule;
				SWIFT_OPTIMIZATION_LEVEL = "-O";
				VALIDATE_PRODUCT = YES;
			};
			name = Release;
		};
		AC6BBABE251B053D0008FCBE /* Debug */ = {
			isa = XCBuildConfiguration;
			baseConfigurationReference = E9667EA9F0B9C1456D15FF69 /* Pods-Flixster.debug.xcconfig */;
			buildSettings = {
				ASSETCATALOG_COMPILER_APPICON_NAME = AppIcon;
				ASSETCATALOG_COMPILER_GLOBAL_ACCENT_COLOR_NAME = AccentColor;
				CODE_SIGN_STYLE = Automatic;
				INFOPLIST_FILE = Flixster/Info.plist;
				LD_RUNPATH_SEARCH_PATHS = (
					"$(inherited)",
					"@executable_path/Frameworks",
				);
				PRODUCT_BUNDLE_IDENTIFIER = rshapi.Flixster;
				PRODUCT_NAME = "$(TARGET_NAME)";
				SWIFT_VERSION = 5.0;
				TARGETED_DEVICE_FAMILY = "1,2";
			};
			name = Debug;
		};
		AC6BBABF251B053D0008FCBE /* Release */ = {
			isa = XCBuildConfiguration;
			baseConfigurationReference = 604E1DCBDB3B99E16FA50FD1 /* Pods-Flixster.release.xcconfig */;
			buildSettings = {
				ASSETCATALOG_COMPILER_APPICON_NAME = AppIcon;
				ASSETCATALOG_COMPILER_GLOBAL_ACCENT_COLOR_NAME = AccentColor;
				CODE_SIGN_STYLE = Automatic;
				INFOPLIST_FILE = Flixster/Info.plist;
				LD_RUNPATH_SEARCH_PATHS = (
					"$(inherited)",
					"@executable_path/Frameworks",
				);
				PRODUCT_BUNDLE_IDENTIFIER = rshapi.Flixster;
				PRODUCT_NAME = "$(TARGET_NAME)";
				SWIFT_VERSION = 5.0;
				TARGETED_DEVICE_FAMILY = "1,2";
			};
			name = Release;
		};
		AC6BBAC1251B053D0008FCBE /* Debug */ = {
			isa = XCBuildConfiguration;
			baseConfigurationReference = D5E281ACAB8ABA612A7393B7 /* Pods-FlixsterTests.debug.xcconfig */;
			buildSettings = {
				ALWAYS_EMBED_SWIFT_STANDARD_LIBRARIES = YES;
				BUNDLE_LOADER = "$(TEST_HOST)";
				CODE_SIGN_STYLE = Automatic;
				INFOPLIST_FILE = FlixsterTests/Info.plist;
				IPHONEOS_DEPLOYMENT_TARGET = 14.0;
				LD_RUNPATH_SEARCH_PATHS = (
					"$(inherited)",
					"@executable_path/Frameworks",
					"@loader_path/Frameworks",
				);
				PRODUCT_BUNDLE_IDENTIFIER = rshapi.FlixsterTests;
				PRODUCT_NAME = "$(TARGET_NAME)";
				SWIFT_VERSION = 5.0;
				TARGETED_DEVICE_FAMILY = "1,2";
				TEST_HOST = "$(BUILT_PRODUCTS_DIR)/Flixster.app/Flixster";
			};
			name = Debug;
		};
		AC6BBAC2251B053D0008FCBE /* Release */ = {
			isa = XCBuildConfiguration;
			baseConfigurationReference = BC3DA18261018261B5532BCB /* Pods-FlixsterTests.release.xcconfig */;
			buildSettings = {
				ALWAYS_EMBED_SWIFT_STANDARD_LIBRARIES = YES;
				BUNDLE_LOADER = "$(TEST_HOST)";
				CODE_SIGN_STYLE = Automatic;
				INFOPLIST_FILE = FlixsterTests/Info.plist;
				IPHONEOS_DEPLOYMENT_TARGET = 14.0;
				LD_RUNPATH_SEARCH_PATHS = (
					"$(inherited)",
					"@executable_path/Frameworks",
					"@loader_path/Frameworks",
				);
				PRODUCT_BUNDLE_IDENTIFIER = rshapi.FlixsterTests;
				PRODUCT_NAME = "$(TARGET_NAME)";
				SWIFT_VERSION = 5.0;
				TARGETED_DEVICE_FAMILY = "1,2";
				TEST_HOST = "$(BUILT_PRODUCTS_DIR)/Flixster.app/Flixster";
			};
			name = Release;
		};
		AC6BBAC4251B053D0008FCBE /* Debug */ = {
			isa = XCBuildConfiguration;
			baseConfigurationReference = 1C77EE16E9D8057441AC7071 /* Pods-Flixster-FlixsterUITests.debug.xcconfig */;
			buildSettings = {
				ALWAYS_EMBED_SWIFT_STANDARD_LIBRARIES = YES;
				CODE_SIGN_STYLE = Automatic;
				INFOPLIST_FILE = FlixsterUITests/Info.plist;
				LD_RUNPATH_SEARCH_PATHS = (
					"$(inherited)",
					"@executable_path/Frameworks",
					"@loader_path/Frameworks",
				);
				PRODUCT_BUNDLE_IDENTIFIER = rshapi.FlixsterUITests;
				PRODUCT_NAME = "$(TARGET_NAME)";
				SWIFT_VERSION = 5.0;
				TARGETED_DEVICE_FAMILY = "1,2";
				TEST_TARGET_NAME = Flixster;
			};
			name = Debug;
		};
		AC6BBAC5251B053D0008FCBE /* Release */ = {
			isa = XCBuildConfiguration;
			baseConfigurationReference = 20A9C8F47FF2C07BD6359D0C /* Pods-Flixster-FlixsterUITests.release.xcconfig */;
			buildSettings = {
				ALWAYS_EMBED_SWIFT_STANDARD_LIBRARIES = YES;
				CODE_SIGN_STYLE = Automatic;
				INFOPLIST_FILE = FlixsterUITests/Info.plist;
				LD_RUNPATH_SEARCH_PATHS = (
					"$(inherited)",
					"@executable_path/Frameworks",
					"@loader_path/Frameworks",
				);
				PRODUCT_BUNDLE_IDENTIFIER = rshapi.FlixsterUITests;
				PRODUCT_NAME = "$(TARGET_NAME)";
				SWIFT_VERSION = 5.0;
				TARGETED_DEVICE_FAMILY = "1,2";
				TEST_TARGET_NAME = Flixster;
			};
			name = Release;
		};
/* End XCBuildConfiguration section */

/* Begin XCConfigurationList section */
		AC6BBA8E251B05380008FCBE /* Build configuration list for PBXProject "Flixster" */ = {
			isa = XCConfigurationList;
			buildConfigurations = (
				AC6BBABB251B053D0008FCBE /* Debug */,
				AC6BBABC251B053D0008FCBE /* Release */,
			);
			defaultConfigurationIsVisible = 0;
			defaultConfigurationName = Release;
		};
		AC6BBABD251B053D0008FCBE /* Build configuration list for PBXNativeTarget "Flixster" */ = {
			isa = XCConfigurationList;
			buildConfigurations = (
				AC6BBABE251B053D0008FCBE /* Debug */,
				AC6BBABF251B053D0008FCBE /* Release */,
			);
			defaultConfigurationIsVisible = 0;
			defaultConfigurationName = Release;
		};
		AC6BBAC0251B053D0008FCBE /* Build configuration list for PBXNativeTarget "FlixsterTests" */ = {
			isa = XCConfigurationList;
			buildConfigurations = (
				AC6BBAC1251B053D0008FCBE /* Debug */,
				AC6BBAC2251B053D0008FCBE /* Release */,
			);
			defaultConfigurationIsVisible = 0;
			defaultConfigurationName = Release;
		};
		AC6BBAC3251B053D0008FCBE /* Build configuration list for PBXNativeTarget "FlixsterUITests" */ = {
			isa = XCConfigurationList;
			buildConfigurations = (
				AC6BBAC4251B053D0008FCBE /* Debug */,
				AC6BBAC5251B053D0008FCBE /* Release */,
			);
			defaultConfigurationIsVisible = 0;
			defaultConfigurationName = Release;
		};
/* End XCConfigurationList section */
	};
	rootObject = AC6BBA8B251B05380008FCBE /* Project object */;
}
